<?xml version="1.0" encoding="utf-8"?>
<Project ToolsVersion="4.0" xmlns="http://schemas.microsoft.com/developer/msbuild/2003">
  <ItemGroup>
    <ClCompile Include="Source.cpp" />
    <ClCompile Include="BaseFigure.cpp">
      <Filter>Figures</Filter>
    </ClCompile>
  </ItemGroup>
  <ItemGroup>
    <Filter Include="Figures">
      <UniqueIdentifier>{231d0b30-8a87-4aa5-8b2e-c3a9a63b5046}</UniqueIdentifier>
    </Filter>
    <Filter Include="Types">
      <UniqueIdentifier>{790e1768-5f15-4fb2-befa-d3c1ead18652}</UniqueIdentifier>
    </Filter>
  </ItemGroup>
  <ItemGroup>
    <ClInclude Include="BaseFigure.hpp">
      <Filter>Figures</Filter>
    </ClInclude>
    <ClInclude Include="Types.hpp">
      <Filter>Types</Filter>
    </ClInclude>
  </ItemGroup>
</Project>